# This file is automatically @generated by Cargo.
# It is not intended for manual editing.
version = 4

[[package]]
name = "webai"
version = "0.1.0"

[[package]]
name = "webai-acp"
version = "0.1.0"

[[package]]
name = "webai-agent"
version = "0.1.0"

[[package]]
name = "webai-bridge"
version = "0.1.0"

[[package]]
name = "webai-bridge-cxx"
version = "0.1.0"

[[package]]
name = "webai-config"
version = "0.1.0"

[[package]]
name = "webai-embedding"
version = "0.1.0"

[[package]]
name = "webai-llm"
version = "0.1.0"

[[package]]
name = "webai-memory"
version = "0.1.0"

[[package]]
name = "webai-protocol"
version = "0.1.0"

[[package]]
name = "webai-script"
version = "0.1.0"

[[package]]
name = "webai-tui"
version = "0.1.0"

[[package]]
name = "webai-webkit"
version = "0.1.0"
